{
  "version": 4,
  "terraform_version": "1.3.7",
  "serial": 10,
  "lineage": "7e172207-ca90-3c56-e2ec-b46b2e621e2a",
  "outputs": {},
  "resources": [
    {
      "mode": "data",
      "type": "archive_file",
      "name": "source",
      "provider": "provider[\"registry.terraform.io/hashicorp/archive\"]",
      "instances": [
        {
          "schema_version": 0,
          "attributes": {
            "excludes": null,
            "id": "a15b23a6de40c3103a55e5b2b393ca898a1cfe0f",
            "output_base64sha256": "r30weSXi6es8nuLJf/uOuN67U/h2hS6mrsHZN3vIPRU=",
            "output_file_mode": null,
            "output_md5": "7eadcb62feb20c4cb49cf526e546298f",
            "output_path": "function.zip",
            "output_sha": "a15b23a6de40c3103a55e5b2b393ca898a1cfe0f",
            "output_size": 1779,
            "source": [],
            "source_content": null,
            "source_content_filename": null,
            "source_dir": "../function",
            "source_file": null,
            "type": "zip"
          },
          "sensitive_attributes": []
        }
      ]
    },
    {
      "mode": "managed",
      "type": "google_bigquery_dataset",
      "name": "dataset_cf",
      "provider": "provider[\"registry.terraform.io/hashicorp/google\"]",
      "instances": [
        {
          "schema_version": 0,
          "attributes": {
            "access": [
              {
                "dataset": [],
                "domain": "",
                "group_by_email": "",
                "role": "OWNER",
                "routine": [],
                "special_group": "",
                "user_by_email": "roman.murzac@gmail.com",
                "view": []
              },
              {
                "dataset": [],
                "domain": "",
                "group_by_email": "",
                "role": "OWNER",
                "routine": [],
                "special_group": "projectOwners",
                "user_by_email": "",
                "view": []
              },
              {
                "dataset": [],
                "domain": "",
                "group_by_email": "",
                "role": "READER",
                "routine": [],
                "special_group": "projectReaders",
                "user_by_email": "",
                "view": []
              },
              {
                "dataset": [],
                "domain": "",
                "group_by_email": "",
                "role": "WRITER",
                "routine": [],
                "special_group": "projectWriters",
                "user_by_email": "",
                "view": []
              }
            ],
            "creation_time": 1676474702938,
            "dataset_id": "cf_dataset_gcp_srp_hw",
            "default_encryption_configuration": [],
            "default_partition_expiration_ms": 0,
            "default_table_expiration_ms": 3600000,
            "delete_contents_on_destroy": false,
            "description": "BigQuery Dataset fo CF task",
            "etag": "kj99tps8Okq9l72j9DhHlQ==",
            "friendly_name": "",
            "id": "projects/project-work-gcp/datasets/cf_dataset_gcp_srp_hw",
            "labels": {},
            "last_modified_time": 1676474702938,
            "location": "US",
            "max_time_travel_hours": "",
            "project": "project-work-gcp",
            "self_link": "https://bigquery.googleapis.com/bigquery/v2/projects/project-work-gcp/datasets/cf_dataset_gcp_srp_hw",
            "timeouts": null
          },
          "sensitive_attributes": [],
          "private": "eyJlMmJmYjczMC1lY2FhLTExZTYtOGY4OC0zNDM2M2JjN2M0YzAiOnsiY3JlYXRlIjoxMjAwMDAwMDAwMDAwLCJkZWxldGUiOjEyMDAwMDAwMDAwMDAsInVwZGF0ZSI6MTIwMDAwMDAwMDAwMH19"
        }
      ]
    },
    {
      "mode": "managed",
      "type": "google_bigquery_dataset",
      "name": "dataset_df",
      "provider": "provider[\"registry.terraform.io/hashicorp/google\"]",
      "instances": [
        {
          "schema_version": 0,
          "attributes": {
            "access": [
              {
                "dataset": [],
                "domain": "",
                "group_by_email": "",
                "role": "OWNER",
                "routine": [],
                "special_group": "",
                "user_by_email": "roman.murzac@gmail.com",
                "view": []
              },
              {
                "dataset": [],
                "domain": "",
                "group_by_email": "",
                "role": "OWNER",
                "routine": [],
                "special_group": "projectOwners",
                "user_by_email": "",
                "view": []
              },
              {
                "dataset": [],
                "domain": "",
                "group_by_email": "",
                "role": "READER",
                "routine": [],
                "special_group": "projectReaders",
                "user_by_email": "",
                "view": []
              },
              {
                "dataset": [],
                "domain": "",
                "group_by_email": "",
                "role": "WRITER",
                "routine": [],
                "special_group": "projectWriters",
                "user_by_email": "",
                "view": []
              }
            ],
            "creation_time": 1676474702942,
            "dataset_id": "df_dataset_gcp_srp_hw",
            "default_encryption_configuration": [],
            "default_partition_expiration_ms": 0,
            "default_table_expiration_ms": 3600000,
            "delete_contents_on_destroy": false,
            "description": "BigQuery Dataset for DF task",
            "etag": "/JNVCKa8qe89AAMHZ7PcfA==",
            "friendly_name": "",
            "id": "projects/project-work-gcp/datasets/df_dataset_gcp_srp_hw",
            "labels": {},
            "last_modified_time": 1676474702942,
            "location": "US",
            "max_time_travel_hours": "",
            "project": "project-work-gcp",
            "self_link": "https://bigquery.googleapis.com/bigquery/v2/projects/project-work-gcp/datasets/df_dataset_gcp_srp_hw",
            "timeouts": null
          },
          "sensitive_attributes": [],
          "private": "eyJlMmJmYjczMC1lY2FhLTExZTYtOGY4OC0zNDM2M2JjN2M0YzAiOnsiY3JlYXRlIjoxMjAwMDAwMDAwMDAwLCJkZWxldGUiOjEyMDAwMDAwMDAwMDAsInVwZGF0ZSI6MTIwMDAwMDAwMDAwMH19"
        }
      ]
    },
    {
      "mode": "managed",
      "type": "google_bigquery_table",
      "name": "error_table_df",
      "provider": "provider[\"registry.terraform.io/hashicorp/google\"]",
      "instances": [
        {
          "schema_version": 0,
          "attributes": {
            "clustering": null,
            "creation_time": 1676474703695,
            "dataset_id": "df_dataset_gcp_srp_hw",
            "deletion_protection": false,
            "description": "",
            "encryption_configuration": [],
            "etag": "Ln2sNcar1K/8ujNWFpWekA==",
            "expiration_time": 1676478303695,
            "external_data_configuration": [],
            "friendly_name": "",
            "id": "projects/project-work-gcp/datasets/df_dataset_gcp_srp_hw/tables/table-gcp-srp-hw-error",
            "labels": null,
            "last_modified_time": 1676474703845,
            "location": "US",
            "materialized_view": [],
            "num_bytes": 0,
            "num_long_term_bytes": 0,
            "num_rows": 0,
            "project": "project-work-gcp",
            "range_partitioning": [],
            "schema": "[{\"mode\":\"REQUIRED\",\"name\":\"message\",\"type\":\"STRING\"},{\"mode\":\"REQUIRED\",\"name\":\"timestamp\",\"type\":\"TIMESTAMP\"}]",
            "self_link": "https://bigquery.googleapis.com/bigquery/v2/projects/project-work-gcp/datasets/df_dataset_gcp_srp_hw/tables/table-gcp-srp-hw-error",
            "table_id": "table-gcp-srp-hw-error",
            "time_partitioning": [],
            "type": "TABLE",
            "view": []
          },
          "sensitive_attributes": [],
          "private": "bnVsbA==",
          "dependencies": [
            "google_bigquery_dataset.dataset_df"
          ]
        }
      ]
    },
    {
      "mode": "managed",
      "type": "google_bigquery_table",
      "name": "success_table_df",
      "provider": "provider[\"registry.terraform.io/hashicorp/google\"]",
      "instances": [
        {
          "schema_version": 0,
          "attributes": {
            "clustering": null,
            "creation_time": 1676474703698,
            "dataset_id": "df_dataset_gcp_srp_hw",
            "deletion_protection": false,
            "description": "",
            "encryption_configuration": [],
            "etag": "MOg4AXNKTBsdVKYuA2JH8Q==",
            "expiration_time": 1676478303698,
            "external_data_configuration": [],
            "friendly_name": "",
            "id": "projects/project-work-gcp/datasets/df_dataset_gcp_srp_hw/tables/table-gcp-srp-hw-success",
            "labels": null,
            "last_modified_time": 1676474703856,
            "location": "US",
            "materialized_view": [],
            "num_bytes": 0,
            "num_long_term_bytes": 0,
            "num_rows": 0,
            "project": "project-work-gcp",
            "range_partitioning": [],
            "schema": "[{\"mode\":\"REQUIRED\",\"name\":\"StudentName\",\"type\":\"STRING\"},{\"mode\":\"NULLABLE\",\"name\":\"StudyYear\",\"type\":\"INTEGER\"},{\"mode\":\"NULLABLE\",\"name\":\"AverageGrade\",\"type\":\"FLOAT\"},{\"mode\":\"REQUIRED\",\"name\":\"RecordTime\",\"type\":\"TIMESTAMP\"}]",
            "self_link": "https://bigquery.googleapis.com/bigquery/v2/projects/project-work-gcp/datasets/df_dataset_gcp_srp_hw/tables/table-gcp-srp-hw-success",
            "table_id": "table-gcp-srp-hw-success",
            "time_partitioning": [],
            "type": "TABLE",
            "view": []
          },
          "sensitive_attributes": [],
          "private": "bnVsbA==",
          "dependencies": [
            "google_bigquery_dataset.dataset_df"
          ]
        }
      ]
    },
    {
      "mode": "managed",
      "type": "google_bigquery_table",
      "name": "table_cf",
      "provider": "provider[\"registry.terraform.io/hashicorp/google\"]",
      "instances": [
        {
          "schema_version": 0,
          "attributes": {
            "clustering": null,
            "creation_time": 1676474703699,
            "dataset_id": "cf_dataset_gcp_srp_hw",
            "deletion_protection": false,
            "description": "",
            "encryption_configuration": [],
            "etag": "JIrTaFq3ApDV3Liq4IyW9w==",
            "expiration_time": 1676478303699,
            "external_data_configuration": [],
            "friendly_name": "",
            "id": "projects/project-work-gcp/datasets/cf_dataset_gcp_srp_hw/tables/table-gcp-srp-hw",
            "labels": null,
            "last_modified_time": 1676474703851,
            "location": "US",
            "materialized_view": [],
            "num_bytes": 0,
            "num_long_term_bytes": 0,
            "num_rows": 0,
            "project": "project-work-gcp",
            "range_partitioning": [],
            "schema": "[{\"mode\":\"REQUIRED\",\"name\":\"timestamp\",\"type\":\"TIMESTAMP\"},{\"mode\":\"REQUIRED\",\"name\":\"raw\",\"type\":\"STRING\"}]",
            "self_link": "https://bigquery.googleapis.com/bigquery/v2/projects/project-work-gcp/datasets/cf_dataset_gcp_srp_hw/tables/table-gcp-srp-hw",
            "table_id": "table-gcp-srp-hw",
            "time_partitioning": [],
            "type": "TABLE",
            "view": []
          },
          "sensitive_attributes": [],
          "private": "bnVsbA==",
          "dependencies": [
            "google_bigquery_dataset.dataset_cf"
          ]
        }
      ]
    },
    {
      "mode": "managed",
      "type": "google_cloudfunctions_function",
      "name": "function",
      "provider": "provider[\"registry.terraform.io/hashicorp/google\"]",
      "instances": []
    },
    {
      "mode": "managed",
      "type": "google_cloudfunctions_function_iam_member",
      "name": "invoker",
      "provider": "provider[\"registry.terraform.io/hashicorp/google\"]",
      "instances": []
    },
    {
      "mode": "managed",
      "type": "google_pubsub_subscription",
      "name": "subscription_cf",
      "provider": "provider[\"registry.terraform.io/hashicorp/google\"]",
      "instances": [
        {
          "schema_version": 0,
          "attributes": {
            "ack_deadline_seconds": 10,
            "bigquery_config": [],
            "dead_letter_policy": [],
            "enable_exactly_once_delivery": false,
            "enable_message_ordering": false,
            "expiration_policy": [
              {
                "ttl": "2678400s"
              }
            ],
            "filter": "",
            "id": "projects/project-work-gcp/subscriptions/subscription-gcp-srp-hw",
            "labels": null,
            "message_retention_duration": "1200s",
            "name": "subscription-gcp-srp-hw",
            "project": "project-work-gcp",
            "push_config": [],
            "retain_acked_messages": true,
            "retry_policy": [],
            "timeouts": null,
            "topic": "projects/project-work-gcp/topics/topic-gcp-srp-hw"
          },
          "sensitive_attributes": [],
          "private": "eyJlMmJmYjczMC1lY2FhLTExZTYtOGY4OC0zNDM2M2JjN2M0YzAiOnsiY3JlYXRlIjoxMjAwMDAwMDAwMDAwLCJkZWxldGUiOjEyMDAwMDAwMDAwMDAsInVwZGF0ZSI6MTIwMDAwMDAwMDAwMH19",
          "dependencies": [
            "google_pubsub_topic.topic_cf"
          ]
        }
      ]
    },
    {
      "mode": "managed",
      "type": "google_pubsub_topic",
      "name": "topic_cf",
      "provider": "provider[\"registry.terraform.io/hashicorp/google\"]",
      "instances": [
        {
          "schema_version": 0,
          "attributes": {
            "id": "projects/project-work-gcp/topics/topic-gcp-srp-hw",
            "kms_key_name": "",
            "labels": null,
            "message_retention_duration": "86600s",
            "message_storage_policy": [],
            "name": "topic-gcp-srp-hw",
            "project": "project-work-gcp",
            "schema_settings": [],
            "timeouts": null
          },
          "sensitive_attributes": [],
          "private": "eyJlMmJmYjczMC1lY2FhLTExZTYtOGY4OC0zNDM2M2JjN2M0YzAiOnsiY3JlYXRlIjoxMjAwMDAwMDAwMDAwLCJkZWxldGUiOjEyMDAwMDAwMDAwMDAsInVwZGF0ZSI6MTIwMDAwMDAwMDAwMH19"
        }
      ]
    },
    {
      "mode": "managed",
      "type": "google_storage_bucket_object",
      "name": "archive",
      "provider": "provider[\"registry.terraform.io/hashicorp/google\"]",
      "instances": []
    },
    {
      "mode": "managed",
      "type": "google_storage_bucket_object",
      "name": "temp_folder",
      "provider": "provider[\"registry.terraform.io/hashicorp/google\"]",
      "instances": []
    },
    {
      "mode": "managed",
      "type": "google_storage_bucket_object",
      "name": "templates_folder",
      "provider": "provider[\"registry.terraform.io/hashicorp/google\"]",
      "instances": []
    }
  ],
  "check_results": null
}
